
Microsoft Visual Studio Solution File, Format Version 11.00
# Visual C# Express 2010
Project("{FAE04EC0-301F-11D3-BF4B-00C04F79EFBC}") = "BewildrTestApp", "BewildrTestApp\BewildrTestApp.csproj", "{CC095EC1-64A6-4C34-8063-AAE166557F3C}"
EndProject
Global
	GlobalSection(SolutionConfigurationPlatforms) = preSolution
		Debug|Any CPU = Debug|Any CPU
		Release|Any CPU = Release|Any CPU
	EndGlobalSection
	GlobalSection(ProjectConfigurationPlatforms) = postSolution
		{CC095EC1-64A6-4C34-8063-AAE166557F3C}.Debug|Any CPU.ActiveCfg = Debug|Any CPU
		{CC095EC1-64A6-4C34-8063-AAE166557F3C}.Debug|Any CPU.Build.0 = Debug|Any CPU
		{CC095EC1-64A6-4C34-8063-AAE166557F3C}.Release|Any CPU.ActiveCfg = Release|Any CPU
		{CC095EC1-64A6-4C34-8063-AAE166557F3C}.Release|Any CPU.Build.0 = Release|Any CPU
	EndGlobalSection
	GlobalSection(SolutionProperties) = preSolution
		HideSolutionNode = FALSE
	EndGlobalSection
EndGlobal
